{
  "version": 1,
  "dependencies": {
    "net10.0-windows10.0.22621": {
      "DalamudPackager": {
        "type": "Direct",
        "requested": "[14.0.1, )",
        "resolved": "14.0.1",
        "contentHash": "y0WWyUE6dhpGdolK3iKgwys05/nZaVf4ZPtIjpLhJBZvHxkkiE23zYRo7K7uqAgoK/QvK5cqF6l3VG5AbgC6KA=="
      },
      "DotNet.ReproducibleBuilds": {
        "type": "Direct",
        "requested": "[1.2.39, )",
        "resolved": "1.2.39",
        "contentHash": "fcFN01tDTIQqDuTwr1jUQK/geofiwjG5DycJQOnC72i1SsLAk1ELe+apBOuZ11UMQG8YKFZG1FgvjZPbqHyatg=="
      },
      "Microsoft.Web.WebView2": {
        "type": "Transitive",
        "resolved": "1.0.3650.58",
        "contentHash": "BrfpVqOuWtW8yA/it365aB6K6H6EYCXjqJkX730UiO7weVsSYjUyKPFVY5WGa+IfRHqknh619uXHMYTOR4WFRw=="
      },
      "TerraFX.Interop.Windows": {
        "type": "Transitive",
        "resolved": "10.0.26100",
        "contentHash": "e68m5ATmbNpMO3ojSpFIvtEm+qIGRHCQRBDTH8iUZzhdRfZn8RTzkO1hZxPAqqR9rN5WXA4VCrRgnlGJ1RMqhQ=="
      },
      "browsingway.webview2": {
        "type": "Project",
        "dependencies": {
          "Microsoft.Web.WebView2": "[1.0.3650.58, )",
          "TerraFX.Interop.Windows": "[10.0.26100, )"
        }
      }
    }
  }
}